
Microsoft Visual Studio Solution File, Format Version 12.00
# Visual Studio Version 16
VisualStudioVersion = 16.0.30621.155
MinimumVisualStudioVersion = 10.0.40219.1
Project("{FAE04EC0-301F-11D3-BF4B-00C04F79EFBC}") = "Challenge_Alkemy", "Challenge_Alkemy.csproj", "{6347CB90-B917-42D5-AEAB-3EFECF0BE84C}"
EndProject
Global
	GlobalSection(SolutionConfigurationPlatforms) = preSolution
		Debug|Any CPU = Debug|Any CPU
		Release|Any CPU = Release|Any CPU
	EndGlobalSection
	GlobalSection(ProjectConfigurationPlatforms) = postSolution
		{6347CB90-B917-42D5-AEAB-3EFECF0BE84C}.Debug|Any CPU.ActiveCfg = Debug|Any CPU
		{6347CB90-B917-42D5-AEAB-3EFECF0BE84C}.Debug|Any CPU.Build.0 = Debug|Any CPU
		{6347CB90-B917-42D5-AEAB-3EFECF0BE84C}.Release|Any CPU.ActiveCfg = Release|Any CPU
		{6347CB90-B917-42D5-AEAB-3EFECF0BE84C}.Release|Any CPU.Build.0 = Release|Any CPU
	EndGlobalSection
	GlobalSection(SolutionProperties) = preSolution
		HideSolutionNode = FALSE
	EndGlobalSection
	GlobalSection(ExtensibilityGlobals) = postSolution
		SolutionGuid = {D37F83F0-4EDF-4BB3-89A5-AD97CC2C40C1}
	EndGlobalSection
EndGlobal
